
Microsoft Visual Studio Solution File, Format Version 12.00
# Visual Studio 15
Project("{FAE04EC0-301F-11D3-BF4B-00C04F79EFBC}") = "Assembly-CSharp-firstpass", "Assembly-CSharp-firstpass.csproj", "{A8882EE8-DD87-8FDC-D6D5-1D5A523892EB}"
EndProject
Project("{FAE04EC0-301F-11D3-BF4B-00C04F79EFBC}") = "Assembly-CSharp", "Assembly-CSharp.csproj", "{08C04E5D-E944-E034-764B-C575E5EF0796}"
EndProject
Global
	GlobalSection(SolutionConfigurationPlatforms) = preSolution
		Debug|Any CPU = Debug|Any CPU
		Release|Any CPU = Release|Any CPU
	EndGlobalSection
	GlobalSection(ProjectConfigurationPlatforms) = postSolution
		{A8882EE8-DD87-8FDC-D6D5-1D5A523892EB}.Debug|Any CPU.ActiveCfg = Debug|Any CPU
		{A8882EE8-DD87-8FDC-D6D5-1D5A523892EB}.Debug|Any CPU.Build.0 = Debug|Any CPU
		{A8882EE8-DD87-8FDC-D6D5-1D5A523892EB}.Release|Any CPU.ActiveCfg = Release|Any CPU
		{A8882EE8-DD87-8FDC-D6D5-1D5A523892EB}.Release|Any CPU.Build.0 = Release|Any CPU
		{08C04E5D-E944-E034-764B-C575E5EF0796}.Debug|Any CPU.ActiveCfg = Debug|Any CPU
		{08C04E5D-E944-E034-764B-C575E5EF0796}.Debug|Any CPU.Build.0 = Debug|Any CPU
		{08C04E5D-E944-E034-764B-C575E5EF0796}.Release|Any CPU.ActiveCfg = Release|Any CPU
		{08C04E5D-E944-E034-764B-C575E5EF0796}.Release|Any CPU.Build.0 = Release|Any CPU
	EndGlobalSection
	GlobalSection(SolutionProperties) = preSolution
		HideSolutionNode = FALSE
	EndGlobalSection
EndGlobal
